
Microsoft Visual Studio Solution File, Format Version 12.00
# Visual Studio 15
VisualStudioVersion = 15.0.28307.757
MinimumVisualStudioVersion = 10.0.40219.1
Project("{9A19103F-16F7-4668-BE54-9A1E7A4F7556}") = "FriendsCoolWater", "FriendsCoolWater\FriendsCoolWater.csproj", "{2442C261-1E6D-482A-9CEA-7169983F4715}"
EndProject
Project("{262852C6-CD72-467D-83FE-5EEB1973A190}") = "FriendsCoolWater.Mobile", "FriendsCoolWater.Mobile\FriendsCoolWater.Mobile.jsproj", "{6FBD7222-EDC1-4D0A-B05D-2933EA5D33F1}"
EndProject
Global
	GlobalSection(SolutionConfigurationPlatforms) = preSolution
		Debug|Android = Debug|Android
		Debug|Any CPU = Debug|Any CPU
		Debug|iOS = Debug|iOS
		Debug|Windows-ARM = Debug|Windows-ARM
		Debug|Windows-x64 = Debug|Windows-x64
		Debug|Windows-x86 = Debug|Windows-x86
		Release|Android = Release|Android
		Release|Any CPU = Release|Any CPU
		Release|iOS = Release|iOS
		Release|Windows-ARM = Release|Windows-ARM
		Release|Windows-x64 = Release|Windows-x64
		Release|Windows-x86 = Release|Windows-x86
	EndGlobalSection
	GlobalSection(ProjectConfigurationPlatforms) = postSolution
		{2442C261-1E6D-482A-9CEA-7169983F4715}.Debug|Android.ActiveCfg = Debug|Any CPU
		{2442C261-1E6D-482A-9CEA-7169983F4715}.Debug|Android.Build.0 = Debug|Any CPU
		{2442C261-1E6D-482A-9CEA-7169983F4715}.Debug|Any CPU.ActiveCfg = Debug|Any CPU
		{2442C261-1E6D-482A-9CEA-7169983F4715}.Debug|Any CPU.Build.0 = Debug|Any CPU
		{2442C261-1E6D-482A-9CEA-7169983F4715}.Debug|iOS.ActiveCfg = Debug|Any CPU
		{2442C261-1E6D-482A-9CEA-7169983F4715}.Debug|iOS.Build.0 = Debug|Any CPU
		{2442C261-1E6D-482A-9CEA-7169983F4715}.Debug|Windows-ARM.ActiveCfg = Debug|Any CPU
		{2442C261-1E6D-482A-9CEA-7169983F4715}.Debug|Windows-ARM.Build.0 = Debug|Any CPU
		{2442C261-1E6D-482A-9CEA-7169983F4715}.Debug|Windows-x64.ActiveCfg = Debug|Any CPU
		{2442C261-1E6D-482A-9CEA-7169983F4715}.Debug|Windows-x64.Build.0 = Debug|Any CPU
		{2442C261-1E6D-482A-9CEA-7169983F4715}.Debug|Windows-x86.ActiveCfg = Debug|Any CPU
		{2442C261-1E6D-482A-9CEA-7169983F4715}.Debug|Windows-x86.Build.0 = Debug|Any CPU
		{2442C261-1E6D-482A-9CEA-7169983F4715}.Release|Android.ActiveCfg = Release|Any CPU
		{2442C261-1E6D-482A-9CEA-7169983F4715}.Release|Android.Build.0 = Release|Any CPU
		{2442C261-1E6D-482A-9CEA-7169983F4715}.Release|Any CPU.ActiveCfg = Release|Any CPU
		{2442C261-1E6D-482A-9CEA-7169983F4715}.Release|Any CPU.Build.0 = Release|Any CPU
		{2442C261-1E6D-482A-9CEA-7169983F4715}.Release|iOS.ActiveCfg = Release|Any CPU
		{2442C261-1E6D-482A-9CEA-7169983F4715}.Release|iOS.Build.0 = Release|Any CPU
		{2442C261-1E6D-482A-9CEA-7169983F4715}.Release|Windows-ARM.ActiveCfg = Release|Any CPU
		{2442C261-1E6D-482A-9CEA-7169983F4715}.Release|Windows-ARM.Build.0 = Release|Any CPU
		{2442C261-1E6D-482A-9CEA-7169983F4715}.Release|Windows-x64.ActiveCfg = Release|Any CPU
		{2442C261-1E6D-482A-9CEA-7169983F4715}.Release|Windows-x64.Build.0 = Release|Any CPU
		{2442C261-1E6D-482A-9CEA-7169983F4715}.Release|Windows-x86.ActiveCfg = Release|Any CPU
		{2442C261-1E6D-482A-9CEA-7169983F4715}.Release|Windows-x86.Build.0 = Release|Any CPU
		{6FBD7222-EDC1-4D0A-B05D-2933EA5D33F1}.Debug|Android.ActiveCfg = Debug|Android
		{6FBD7222-EDC1-4D0A-B05D-2933EA5D33F1}.Debug|Android.Build.0 = Debug|Android
		{6FBD7222-EDC1-4D0A-B05D-2933EA5D33F1}.Debug|Android.Deploy.0 = Debug|Android
		{6FBD7222-EDC1-4D0A-B05D-2933EA5D33F1}.Debug|Any CPU.ActiveCfg = Debug|Android
		{6FBD7222-EDC1-4D0A-B05D-2933EA5D33F1}.Debug|Any CPU.Build.0 = Debug|Android
		{6FBD7222-EDC1-4D0A-B05D-2933EA5D33F1}.Debug|Any CPU.Deploy.0 = Debug|Android
		{6FBD7222-EDC1-4D0A-B05D-2933EA5D33F1}.Debug|iOS.ActiveCfg = Debug|iOS
		{6FBD7222-EDC1-4D0A-B05D-2933EA5D33F1}.Debug|iOS.Build.0 = Debug|iOS
		{6FBD7222-EDC1-4D0A-B05D-2933EA5D33F1}.Debug|iOS.Deploy.0 = Debug|iOS
		{6FBD7222-EDC1-4D0A-B05D-2933EA5D33F1}.Debug|Windows-ARM.ActiveCfg = Debug|Windows-ARM
		{6FBD7222-EDC1-4D0A-B05D-2933EA5D33F1}.Debug|Windows-ARM.Build.0 = Debug|Windows-ARM
		{6FBD7222-EDC1-4D0A-B05D-2933EA5D33F1}.Debug|Windows-ARM.Deploy.0 = Debug|Windows-ARM
		{6FBD7222-EDC1-4D0A-B05D-2933EA5D33F1}.Debug|Windows-x64.ActiveCfg = Debug|Windows-x64
		{6FBD7222-EDC1-4D0A-B05D-2933EA5D33F1}.Debug|Windows-x64.Build.0 = Debug|Windows-x64
		{6FBD7222-EDC1-4D0A-B05D-2933EA5D33F1}.Debug|Windows-x64.Deploy.0 = Debug|Windows-x64
		{6FBD7222-EDC1-4D0A-B05D-2933EA5D33F1}.Debug|Windows-x86.ActiveCfg = Debug|Windows-x86
		{6FBD7222-EDC1-4D0A-B05D-2933EA5D33F1}.Debug|Windows-x86.Build.0 = Debug|Windows-x86
		{6FBD7222-EDC1-4D0A-B05D-2933EA5D33F1}.Debug|Windows-x86.Deploy.0 = Debug|Windows-x86
		{6FBD7222-EDC1-4D0A-B05D-2933EA5D33F1}.Release|Android.ActiveCfg = Release|Android
		{6FBD7222-EDC1-4D0A-B05D-2933EA5D33F1}.Release|Android.Build.0 = Release|Android
		{6FBD7222-EDC1-4D0A-B05D-2933EA5D33F1}.Release|Android.Deploy.0 = Release|Android
		{6FBD7222-EDC1-4D0A-B05D-2933EA5D33F1}.Release|Any CPU.ActiveCfg = Release|Android
		{6FBD7222-EDC1-4D0A-B05D-2933EA5D33F1}.Release|iOS.ActiveCfg = Release|iOS
		{6FBD7222-EDC1-4D0A-B05D-2933EA5D33F1}.Release|iOS.Build.0 = Release|iOS
		{6FBD7222-EDC1-4D0A-B05D-2933EA5D33F1}.Release|iOS.Deploy.0 = Release|iOS
		{6FBD7222-EDC1-4D0A-B05D-2933EA5D33F1}.Release|Windows-ARM.ActiveCfg = Release|Windows-ARM
		{6FBD7222-EDC1-4D0A-B05D-2933EA5D33F1}.Release|Windows-ARM.Build.0 = Release|Windows-ARM
		{6FBD7222-EDC1-4D0A-B05D-2933EA5D33F1}.Release|Windows-ARM.Deploy.0 = Release|Windows-ARM
		{6FBD7222-EDC1-4D0A-B05D-2933EA5D33F1}.Release|Windows-x64.ActiveCfg = Release|Windows-x64
		{6FBD7222-EDC1-4D0A-B05D-2933EA5D33F1}.Release|Windows-x64.Build.0 = Release|Windows-x64
		{6FBD7222-EDC1-4D0A-B05D-2933EA5D33F1}.Release|Windows-x64.Deploy.0 = Release|Windows-x64
		{6FBD7222-EDC1-4D0A-B05D-2933EA5D33F1}.Release|Windows-x86.ActiveCfg = Release|Windows-x86
		{6FBD7222-EDC1-4D0A-B05D-2933EA5D33F1}.Release|Windows-x86.Build.0 = Release|Windows-x86
		{6FBD7222-EDC1-4D0A-B05D-2933EA5D33F1}.Release|Windows-x86.Deploy.0 = Release|Windows-x86
	EndGlobalSection
	GlobalSection(SolutionProperties) = preSolution
		HideSolutionNode = FALSE
	EndGlobalSection
	GlobalSection(ExtensibilityGlobals) = postSolution
		SolutionGuid = {E79B4DCA-3DD4-45CB-BF13-CBD672D91C74}
	EndGlobalSection
EndGlobal
